
Microsoft Visual Studio Solution File, Format Version 12.00
# Visual Studio Version 17
VisualStudioVersion = 17.12.35728.132 d17.12
MinimumVisualStudioVersion = 10.0.40219.1
Project("{FAE04EC0-301F-11D3-BF4B-00C04F79EFBC}") = "Best-WorstCase(Merge)", "Best-WorstCase(Merge).csproj", "{61EB4994-8E9C-446F-A67D-0781FA6B0CEB}"
EndProject
Global
	GlobalSection(SolutionConfigurationPlatforms) = preSolution
		Debug|Any CPU = Debug|Any CPU
		Release|Any CPU = Release|Any CPU
	EndGlobalSection
	GlobalSection(ProjectConfigurationPlatforms) = postSolution
		{61EB4994-8E9C-446F-A67D-0781FA6B0CEB}.Debug|Any CPU.ActiveCfg = Debug|Any CPU
		{61EB4994-8E9C-446F-A67D-0781FA6B0CEB}.Debug|Any CPU.Build.0 = Debug|Any CPU
		{61EB4994-8E9C-446F-A67D-0781FA6B0CEB}.Release|Any CPU.ActiveCfg = Release|Any CPU
		{61EB4994-8E9C-446F-A67D-0781FA6B0CEB}.Release|Any CPU.Build.0 = Release|Any CPU
	EndGlobalSection
	GlobalSection(SolutionProperties) = preSolution
		HideSolutionNode = FALSE
	EndGlobalSection
EndGlobal
